
Microsoft Visual Studio Solution File, Format Version 12.00
# Visual Studio Version 17
VisualStudioVersion = 17.0.32112.339
MinimumVisualStudioVersion = 10.0.40219.1
Project("{FAE04EC0-301F-11D3-BF4B-00C04F79EFBC}") = "RazorApp98", "RazorApp98.csproj", "{6E004B2D-81F5-4A00-BC2F-BF4BFB71BFF8}"
EndProject
Global
	GlobalSection(SolutionConfigurationPlatforms) = preSolution
		Debug|Any CPU = Debug|Any CPU
		Release|Any CPU = Release|Any CPU
	EndGlobalSection
	GlobalSection(ProjectConfigurationPlatforms) = postSolution
		{6E004B2D-81F5-4A00-BC2F-BF4BFB71BFF8}.Debug|Any CPU.ActiveCfg = Debug|Any CPU
		{6E004B2D-81F5-4A00-BC2F-BF4BFB71BFF8}.Debug|Any CPU.Build.0 = Debug|Any CPU
		{6E004B2D-81F5-4A00-BC2F-BF4BFB71BFF8}.Release|Any CPU.ActiveCfg = Release|Any CPU
		{6E004B2D-81F5-4A00-BC2F-BF4BFB71BFF8}.Release|Any CPU.Build.0 = Release|Any CPU
	EndGlobalSection
	GlobalSection(SolutionProperties) = preSolution
		HideSolutionNode = FALSE
	EndGlobalSection
	GlobalSection(ExtensibilityGlobals) = postSolution
		SolutionGuid = {1262B9E3-829E-44E2-9605-762D9E74EE4B}
	EndGlobalSection
EndGlobal
